
Microsoft Visual Studio Solution File, Format Version 12.00
# Visual Studio Version 17
VisualStudioVersion = 17.3.32901.215
MinimumVisualStudioVersion = 10.0.40219.1
Project("{9A19103F-16F7-4668-BE54-9A1E7A4F7556}") = "CameraManager", "CameraManager\CameraManager.csproj", "{36EFF50A-7FD2-4E16-BC0B-59B96B712F12}"
EndProject
Global
	GlobalSection(SolutionConfigurationPlatforms) = preSolution
		Debug|Any CPU = Debug|Any CPU
		Release|Any CPU = Release|Any CPU
	EndGlobalSection
	GlobalSection(ProjectConfigurationPlatforms) = postSolution
		{36EFF50A-7FD2-4E16-BC0B-59B96B712F12}.Debug|Any CPU.ActiveCfg = Debug|Any CPU
		{36EFF50A-7FD2-4E16-BC0B-59B96B712F12}.Debug|Any CPU.Build.0 = Debug|Any CPU
		{36EFF50A-7FD2-4E16-BC0B-59B96B712F12}.Release|Any CPU.ActiveCfg = Release|Any CPU
		{36EFF50A-7FD2-4E16-BC0B-59B96B712F12}.Release|Any CPU.Build.0 = Release|Any CPU
	EndGlobalSection
	GlobalSection(SolutionProperties) = preSolution
		HideSolutionNode = FALSE
	EndGlobalSection
	GlobalSection(ExtensibilityGlobals) = postSolution
		SolutionGuid = {83028AF1-8B13-4700-BA71-F373A0C051E3}
	EndGlobalSection
EndGlobal
